
Microsoft Visual Studio Solution File, Format Version 12.00
# Visual Studio 2012
Project("{FAE04EC0-301F-11D3-BF4B-00C04F79EFBC}") = "PerezEzequielEjercicio01", "Eze\PerezEzequielEjercicio01.csproj", "{DAB75B79-96DF-48F0-8E20-3049C691F796}"
EndProject
Project("{FAE04EC0-301F-11D3-BF4B-00C04F79EFBC}") = "PerezEzequielEjercicio09", "PerezEzequielEjercicio02\PerezEzequielEjercicio09.csproj", "{5AFDE90E-6803-4967-92F4-16ACD36D1E96}"
EndProject
Global
	GlobalSection(SolutionConfigurationPlatforms) = preSolution
		Debug|Any CPU = Debug|Any CPU
		Release|Any CPU = Release|Any CPU
	EndGlobalSection
	GlobalSection(ProjectConfigurationPlatforms) = postSolution
		{DAB75B79-96DF-48F0-8E20-3049C691F796}.Debug|Any CPU.ActiveCfg = Debug|Any CPU
		{DAB75B79-96DF-48F0-8E20-3049C691F796}.Debug|Any CPU.Build.0 = Debug|Any CPU
		{DAB75B79-96DF-48F0-8E20-3049C691F796}.Release|Any CPU.ActiveCfg = Release|Any CPU
		{DAB75B79-96DF-48F0-8E20-3049C691F796}.Release|Any CPU.Build.0 = Release|Any CPU
		{5AFDE90E-6803-4967-92F4-16ACD36D1E96}.Debug|Any CPU.ActiveCfg = Debug|Any CPU
		{5AFDE90E-6803-4967-92F4-16ACD36D1E96}.Debug|Any CPU.Build.0 = Debug|Any CPU
		{5AFDE90E-6803-4967-92F4-16ACD36D1E96}.Release|Any CPU.ActiveCfg = Release|Any CPU
		{5AFDE90E-6803-4967-92F4-16ACD36D1E96}.Release|Any CPU.Build.0 = Release|Any CPU
	EndGlobalSection
	GlobalSection(SolutionProperties) = preSolution
		HideSolutionNode = FALSE
	EndGlobalSection
EndGlobal
