
Microsoft Visual Studio Solution File, Format Version 12.00
# Visual Studio 2012
Project("{FAE04EC0-301F-11D3-BF4B-00C04F79EFBC}") = "Clase15", "Clase15\Clase15.csproj", "{DAC6B034-6C22-429F-91D6-9462DA319E04}"
EndProject
Project("{FAE04EC0-301F-11D3-BF4B-00C04F79EFBC}") = "ConsoleApplication1", "ConsoleApplication1\ConsoleApplication1.csproj", "{03ACDB2D-0D52-40A1-BA66-69F10E309BDA}"
EndProject
Global
	GlobalSection(SolutionConfigurationPlatforms) = preSolution
		Debug|Any CPU = Debug|Any CPU
		Release|Any CPU = Release|Any CPU
	EndGlobalSection
	GlobalSection(ProjectConfigurationPlatforms) = postSolution
		{DAC6B034-6C22-429F-91D6-9462DA319E04}.Debug|Any CPU.ActiveCfg = Debug|Any CPU
		{DAC6B034-6C22-429F-91D6-9462DA319E04}.Debug|Any CPU.Build.0 = Debug|Any CPU
		{DAC6B034-6C22-429F-91D6-9462DA319E04}.Release|Any CPU.ActiveCfg = Release|Any CPU
		{DAC6B034-6C22-429F-91D6-9462DA319E04}.Release|Any CPU.Build.0 = Release|Any CPU
		{03ACDB2D-0D52-40A1-BA66-69F10E309BDA}.Debug|Any CPU.ActiveCfg = Debug|Any CPU
		{03ACDB2D-0D52-40A1-BA66-69F10E309BDA}.Debug|Any CPU.Build.0 = Debug|Any CPU
		{03ACDB2D-0D52-40A1-BA66-69F10E309BDA}.Release|Any CPU.ActiveCfg = Release|Any CPU
		{03ACDB2D-0D52-40A1-BA66-69F10E309BDA}.Release|Any CPU.Build.0 = Release|Any CPU
	EndGlobalSection
	GlobalSection(SolutionProperties) = preSolution
		HideSolutionNode = FALSE
	EndGlobalSection
EndGlobal
