
Microsoft Visual Studio Solution File, Format Version 12.00
# Visual Studio Express 2012 for Windows Desktop
Project("{FAE04EC0-301F-11D3-BF4B-00C04F79EFBC}") = "Vehiculo", "Vehiculo.csproj", "{58234D01-2F43-4642-9719-DF4080FAEB1C}"
EndProject
Project("{FAE04EC0-301F-11D3-BF4B-00C04F79EFBC}") = "PruebaLavadero", "..\PruebaLavadero\PruebaLavadero.csproj", "{61BD2DFA-24F5-44A8-9E01-F6A272BF2730}"
EndProject
Global
	GlobalSection(SolutionConfigurationPlatforms) = preSolution
		Debug|Any CPU = Debug|Any CPU
		Release|Any CPU = Release|Any CPU
	EndGlobalSection
	GlobalSection(ProjectConfigurationPlatforms) = postSolution
		{58234D01-2F43-4642-9719-DF4080FAEB1C}.Debug|Any CPU.ActiveCfg = Debug|Any CPU
		{58234D01-2F43-4642-9719-DF4080FAEB1C}.Debug|Any CPU.Build.0 = Debug|Any CPU
		{58234D01-2F43-4642-9719-DF4080FAEB1C}.Release|Any CPU.ActiveCfg = Release|Any CPU
		{58234D01-2F43-4642-9719-DF4080FAEB1C}.Release|Any CPU.Build.0 = Release|Any CPU
		{61BD2DFA-24F5-44A8-9E01-F6A272BF2730}.Debug|Any CPU.ActiveCfg = Debug|Any CPU
		{61BD2DFA-24F5-44A8-9E01-F6A272BF2730}.Debug|Any CPU.Build.0 = Debug|Any CPU
		{61BD2DFA-24F5-44A8-9E01-F6A272BF2730}.Release|Any CPU.ActiveCfg = Release|Any CPU
		{61BD2DFA-24F5-44A8-9E01-F6A272BF2730}.Release|Any CPU.Build.0 = Release|Any CPU
	EndGlobalSection
	GlobalSection(SolutionProperties) = preSolution
		HideSolutionNode = FALSE
	EndGlobalSection
EndGlobal
